
Microsoft Visual Studio Solution File, Format Version 12.00
# Visual Studio Version 17
VisualStudioVersion = 17.10.35027.167
MinimumVisualStudioVersion = 10.0.40219.1
Project("{FAE04EC0-301F-11D3-BF4B-00C04F79EFBC}") = "WpfAppGruppo1", "WpfAppGruppo1\WpfAppGruppo1.csproj", "{D238E711-5D88-4FD0-8754-858114C18467}"
EndProject
Global
	GlobalSection(SolutionConfigurationPlatforms) = preSolution
		Debug|Any CPU = Debug|Any CPU
		Release|Any CPU = Release|Any CPU
	EndGlobalSection
	GlobalSection(ProjectConfigurationPlatforms) = postSolution
		{D238E711-5D88-4FD0-8754-858114C18467}.Debug|Any CPU.ActiveCfg = Debug|Any CPU
		{D238E711-5D88-4FD0-8754-858114C18467}.Debug|Any CPU.Build.0 = Debug|Any CPU
		{D238E711-5D88-4FD0-8754-858114C18467}.Release|Any CPU.ActiveCfg = Release|Any CPU
		{D238E711-5D88-4FD0-8754-858114C18467}.Release|Any CPU.Build.0 = Release|Any CPU
	EndGlobalSection
	GlobalSection(SolutionProperties) = preSolution
		HideSolutionNode = FALSE
	EndGlobalSection
	GlobalSection(ExtensibilityGlobals) = postSolution
		SolutionGuid = {07DD98C9-4B76-4BEC-9AC2-D13920F4D8BD}
	EndGlobalSection
EndGlobal
